{
  "name": "marketin",
  "lockfileVersion": 3,
  "requires": true,
  "packages": {
    "": {
      "dependencies": {
        "ulnovatech-system": "file:.."
      }
    },
    "..": {
      "name": "ulnovatech-system",
      "version": "1.0.0",
      "devDependencies": {
        "concurrently": "^8.2.2",
        "serve": "^14.2.1"
      }
    },
    "node_modules/ulnovatech-system": {
      "resolved": "..",
      "link": true
    }
  }
}
